// !$*UTF8*$!
{
	archiveVersion = 1;
	classes = {
	};
	objectVersion = 46;
	objects = {

/* Begin PBXBuildFile section */
		8E4DD5841DE55A5F00AF631C /* AppDelegate.swift in Sources */ = {isa = PBXBuildFile; fileRef = 8E4DD5831DE55A5F00AF631C /* AppDelegate.swift */; };
		8E4DD5891DE55A5F00AF631C /* Main.storyboard in Resources */ = {isa = PBXBuildFile; fileRef = 8E4DD5871DE55A5F00AF631C /* Main.storyboard */; };
		8E4DD58B1DE55A5F00AF631C /* Assets.xcassets in Resources */ = {isa = PBXBuildFile; fileRef = 8E4DD58A1DE55A5F00AF631C /* Assets.xcassets */; };
		8E4DD58E1DE55A5F00AF631C /* LaunchScreen.storyboard in Resources */ = {isa = PBXBuildFile; fileRef = 8E4DD58C1DE55A5F00AF631C /* LaunchScreen.storyboard */; };
		8E4DD5991DE55A6000AF631C /* MyFengXianShengTests.swift in Sources */ = {isa = PBXBuildFile; fileRef = 8E4DD5981DE55A6000AF631C /* MyFengXianShengTests.swift */; };
		8E4DD5A41DE55A6000AF631C /* MyFengXianShengUITests.swift in Sources */ = {isa = PBXBuildFile; fileRef = 8E4DD5A31DE55A6000AF631C /* MyFengXianShengUITests.swift */; };
		8E4DD5B81DE561B300AF631C /* AppDelegate+RootController.swift in Sources */ = {isa = PBXBuildFile; fileRef = 8E4DD5B71DE561B200AF631C /* AppDelegate+RootController.swift */; };
		8E4DD5BB1DE568BB00AF631C /* Images.xcassets in Resources */ = {isa = PBXBuildFile; fileRef = 8E4DD5BA1DE568BB00AF631C /* Images.xcassets */; };
		8E4DD5C31DE56F9100AF631C /* BaseViewController.swift in Sources */ = {isa = PBXBuildFile; fileRef = 8E4DD5C21DE56F9100AF631C /* BaseViewController.swift */; };
		8E4DD5C61DE56FF700AF631C /* AccountViewController.swift in Sources */ = {isa = PBXBuildFile; fileRef = 8E4DD5C41DE56FF700AF631C /* AccountViewController.swift */; };
		8E4DD5C71DE56FF700AF631C /* AccountViewController.xib in Resources */ = {isa = PBXBuildFile; fileRef = 8E4DD5C51DE56FF700AF631C /* AccountViewController.xib */; };
		8E4DD5CA1DE5701800AF631C /* BillOfFrightViewController.swift in Sources */ = {isa = PBXBuildFile; fileRef = 8E4DD5C81DE5701800AF631C /* BillOfFrightViewController.swift */; };
		8E4DD5CB1DE5701800AF631C /* BillOfFrightViewController.xib in Resources */ = {isa = PBXBuildFile; fileRef = 8E4DD5C91DE5701800AF631C /* BillOfFrightViewController.xib */; };
		8E4DD5CE1DE5703500AF631C /* DispatchGoodsViewController.swift in Sources */ = {isa = PBXBuildFile; fileRef = 8E4DD5CC1DE5703500AF631C /* DispatchGoodsViewController.swift */; };
		8E4DD5D21DE5704500AF631C /* MailViewController.swift in Sources */ = {isa = PBXBuildFile; fileRef = 8E4DD5D01DE5704500AF631C /* MailViewController.swift */; };
		8E4DD5D31DE5704500AF631C /* MailViewController.xib in Resources */ = {isa = PBXBuildFile; fileRef = 8E4DD5D11DE5704500AF631C /* MailViewController.xib */; };
		8E4DD5D51DE571BE00AF631C /* WLTabBarViewController.swift in Sources */ = {isa = PBXBuildFile; fileRef = 8E4DD5D41DE571BE00AF631C /* WLTabBarViewController.swift */; };
		8E4DD5D81DE58DE400AF631C /* WLDispatchAddressCell.swift in Sources */ = {isa = PBXBuildFile; fileRef = 8E4DD5D61DE58DE400AF631C /* WLDispatchAddressCell.swift */; };
		8E4DD5D91DE58DE400AF631C /* WLDispatchAddressCell.xib in Resources */ = {isa = PBXBuildFile; fileRef = 8E4DD5D71DE58DE400AF631C /* WLDispatchAddressCell.xib */; };
		8E4DD5DC1DE5C1CA00AF631C /* WLDispatchTypeCell.swift in Sources */ = {isa = PBXBuildFile; fileRef = 8E4DD5DA1DE5C1CA00AF631C /* WLDispatchTypeCell.swift */; };
		8E4DD5DD1DE5C1CA00AF631C /* WLDispatchTypeCell.xib in Resources */ = {isa = PBXBuildFile; fileRef = 8E4DD5DB1DE5C1CA00AF631C /* WLDispatchTypeCell.xib */; };
		8E4DD5DF1DE5DB3D00AF631C /* WLSendViewController.swift in Sources */ = {isa = PBXBuildFile; fileRef = 8E4DD5DE1DE5DB3D00AF631C /* WLSendViewController.swift */; };
		8E4DD5E21DE5E26000AF631C /* WLSendFillOutInfoCell.swift in Sources */ = {isa = PBXBuildFile; fileRef = 8E4DD5E01DE5E26000AF631C /* WLSendFillOutInfoCell.swift */; };
		8E4DD5E31DE5E26000AF631C /* WLSendFillOutInfoCell.xib in Resources */ = {isa = PBXBuildFile; fileRef = 8E4DD5E11DE5E26000AF631C /* WLSendFillOutInfoCell.xib */; };
		8E4DD5E51DE6833200AF631C /* WLBaiduMapViewController.swift in Sources */ = {isa = PBXBuildFile; fileRef = 8E4DD5E41DE6833200AF631C /* WLBaiduMapViewController.swift */; };
/* End PBXBuildFile section */

/* Begin PBXContainerItemProxy section */
		8E4DD5951DE55A6000AF631C /* PBXContainerItemProxy */ = {
			isa = PBXContainerItemProxy;
			containerPortal = 8E4DD5781DE55A5F00AF631C /* Project object */;
			proxyType = 1;
			remoteGlobalIDString = 8E4DD57F1DE55A5F00AF631C;
			remoteInfo = MyFengXianSheng;
		};
		8E4DD5A01DE55A6000AF631C /* PBXContainerItemProxy */ = {
			isa = PBXContainerItemProxy;
			containerPortal = 8E4DD5781DE55A5F00AF631C /* Project object */;
			proxyType = 1;
			remoteGlobalIDString = 8E4DD57F1DE55A5F00AF631C;
			remoteInfo = MyFengXianSheng;
		};
/* End PBXContainerItemProxy section */

/* Begin PBXFileReference section */
		8E4DD5801DE55A5F00AF631C /* MyFengXianSheng.app */ = {isa = PBXFileReference; explicitFileType = wrapper.application; includeInIndex = 0; path = MyFengXianSheng.app; sourceTree = BUILT_PRODUCTS_DIR; };
		8E4DD5831DE55A5F00AF631C /* AppDelegate.swift */ = {isa = PBXFileReference; lastKnownFileType = sourcecode.swift; path = AppDelegate.swift; sourceTree = "<group>"; };
		8E4DD5881DE55A5F00AF631C /* Base */ = {isa = PBXFileReference; lastKnownFileType = file.storyboard; name = Base; path = Base.lproj/Main.storyboard; sourceTree = "<group>"; };
		8E4DD58A1DE55A5F00AF631C /* Assets.xcassets */ = {isa = PBXFileReference; lastKnownFileType = folder.assetcatalog; path = Assets.xcassets; sourceTree = "<group>"; };
		8E4DD58D1DE55A5F00AF631C /* Base */ = {isa = PBXFileReference; lastKnownFileType = file.storyboard; name = Base; path = Base.lproj/LaunchScreen.storyboard; sourceTree = "<group>"; };
		8E4DD58F1DE55A5F00AF631C /* Info.plist */ = {isa = PBXFileReference; lastKnownFileType = text.plist.xml; path = Info.plist; sourceTree = "<group>"; };
		8E4DD5941DE55A6000AF631C /* MyFengXianShengTests.xctest */ = {isa = PBXFileReference; explicitFileType = wrapper.cfbundle; includeInIndex = 0; path = MyFengXianShengTests.xctest; sourceTree = BUILT_PRODUCTS_DIR; };
		8E4DD5981DE55A6000AF631C /* MyFengXianShengTests.swift */ = {isa = PBXFileReference; lastKnownFileType = sourcecode.swift; path = MyFengXianShengTests.swift; sourceTree = "<group>"; };
		8E4DD59A1DE55A6000AF631C /* Info.plist */ = {isa = PBXFileReference; lastKnownFileType = text.plist.xml; path = Info.plist; sourceTree = "<group>"; };
		8E4DD59F1DE55A6000AF631C /* MyFengXianShengUITests.xctest */ = {isa = PBXFileReference; explicitFileType = wrapper.cfbundle; includeInIndex = 0; path = MyFengXianShengUITests.xctest; sourceTree = BUILT_PRODUCTS_DIR; };
		8E4DD5A31DE55A6000AF631C /* MyFengXianShengUITests.swift */ = {isa = PBXFileReference; lastKnownFileType = sourcecode.swift; path = MyFengXianShengUITests.swift; sourceTree = "<group>"; };
		8E4DD5A51DE55A6000AF631C /* Info.plist */ = {isa = PBXFileReference; lastKnownFileType = text.plist.xml; path = Info.plist; sourceTree = "<group>"; };
		8E4DD5B71DE561B200AF631C /* AppDelegate+RootController.swift */ = {isa = PBXFileReference; fileEncoding = 4; lastKnownFileType = sourcecode.swift; path = "AppDelegate+RootController.swift"; sourceTree = "<group>"; };
		8E4DD5BA1DE568BB00AF631C /* Images.xcassets */ = {isa = PBXFileReference; lastKnownFileType = folder.assetcatalog; path = Images.xcassets; sourceTree = "<group>"; };
		8E4DD5C21DE56F9100AF631C /* BaseViewController.swift */ = {isa = PBXFileReference; fileEncoding = 4; lastKnownFileType = sourcecode.swift; path = BaseViewController.swift; sourceTree = "<group>"; };
		8E4DD5C41DE56FF700AF631C /* AccountViewController.swift */ = {isa = PBXFileReference; fileEncoding = 4; lastKnownFileType = sourcecode.swift; path = AccountViewController.swift; sourceTree = "<group>"; };
		8E4DD5C51DE56FF700AF631C /* AccountViewController.xib */ = {isa = PBXFileReference; fileEncoding = 4; lastKnownFileType = file.xib; path = AccountViewController.xib; sourceTree = "<group>"; };
		8E4DD5C81DE5701800AF631C /* BillOfFrightViewController.swift */ = {isa = PBXFileReference; fileEncoding = 4; lastKnownFileType = sourcecode.swift; path = BillOfFrightViewController.swift; sourceTree = "<group>"; };
		8E4DD5C91DE5701800AF631C /* BillOfFrightViewController.xib */ = {isa = PBXFileReference; fileEncoding = 4; lastKnownFileType = file.xib; path = BillOfFrightViewController.xib; sourceTree = "<group>"; };
		8E4DD5CC1DE5703500AF631C /* DispatchGoodsViewController.swift */ = {isa = PBXFileReference; fileEncoding = 4; lastKnownFileType = sourcecode.swift; path = DispatchGoodsViewController.swift; sourceTree = "<group>"; };
		8E4DD5D01DE5704500AF631C /* MailViewController.swift */ = {isa = PBXFileReference; fileEncoding = 4; lastKnownFileType = sourcecode.swift; path = MailViewController.swift; sourceTree = "<group>"; };
		8E4DD5D11DE5704500AF631C /* MailViewController.xib */ = {isa = PBXFileReference; fileEncoding = 4; lastKnownFileType = file.xib; path = MailViewController.xib; sourceTree = "<group>"; };
		8E4DD5D41DE571BE00AF631C /* WLTabBarViewController.swift */ = {isa = PBXFileReference; fileEncoding = 4; lastKnownFileType = sourcecode.swift; path = WLTabBarViewController.swift; sourceTree = "<group>"; };
		8E4DD5D61DE58DE400AF631C /* WLDispatchAddressCell.swift */ = {isa = PBXFileReference; fileEncoding = 4; lastKnownFileType = sourcecode.swift; path = WLDispatchAddressCell.swift; sourceTree = "<group>"; };
		8E4DD5D71DE58DE400AF631C /* WLDispatchAddressCell.xib */ = {isa = PBXFileReference; fileEncoding = 4; lastKnownFileType = file.xib; path = WLDispatchAddressCell.xib; sourceTree = "<group>"; };
		8E4DD5DA1DE5C1CA00AF631C /* WLDispatchTypeCell.swift */ = {isa = PBXFileReference; fileEncoding = 4; lastKnownFileType = sourcecode.swift; path = WLDispatchTypeCell.swift; sourceTree = "<group>"; };
		8E4DD5DB1DE5C1CA00AF631C /* WLDispatchTypeCell.xib */ = {isa = PBXFileReference; fileEncoding = 4; lastKnownFileType = file.xib; path = WLDispatchTypeCell.xib; sourceTree = "<group>"; };
		8E4DD5DE1DE5DB3D00AF631C /* WLSendViewController.swift */ = {isa = PBXFileReference; fileEncoding = 4; lastKnownFileType = sourcecode.swift; path = WLSendViewController.swift; sourceTree = "<group>"; };
		8E4DD5E01DE5E26000AF631C /* WLSendFillOutInfoCell.swift */ = {isa = PBXFileReference; fileEncoding = 4; lastKnownFileType = sourcecode.swift; path = WLSendFillOutInfoCell.swift; sourceTree = "<group>"; };
		8E4DD5E11DE5E26000AF631C /* WLSendFillOutInfoCell.xib */ = {isa = PBXFileReference; fileEncoding = 4; lastKnownFileType = file.xib; path = WLSendFillOutInfoCell.xib; sourceTree = "<group>"; };
		8E4DD5E41DE6833200AF631C /* WLBaiduMapViewController.swift */ = {isa = PBXFileReference; fileEncoding = 4; lastKnownFileType = sourcecode.swift; path = WLBaiduMapViewController.swift; sourceTree = "<group>"; };
/* End PBXFileReference section */

/* Begin PBXFrameworksBuildPhase section */
		8E4DD57D1DE55A5F00AF631C /* Frameworks */ = {
			isa = PBXFrameworksBuildPhase;
			buildActionMask = 2147483647;
			files = (
			);
			runOnlyForDeploymentPostprocessing = 0;
		};
		8E4DD5911DE55A6000AF631C /* Frameworks */ = {
			isa = PBXFrameworksBuildPhase;
			buildActionMask = 2147483647;
			files = (
			);
			runOnlyForDeploymentPostprocessing = 0;
		};
		8E4DD59C1DE55A6000AF631C /* Frameworks */ = {
			isa = PBXFrameworksBuildPhase;
			buildActionMask = 2147483647;
			files = (
			);
			runOnlyForDeploymentPostprocessing = 0;
		};
/* End PBXFrameworksBuildPhase section */

/* Begin PBXGroup section */
		8E4DD5771DE55A5F00AF631C = {
			isa = PBXGroup;
			children = (
				8E4DD5821DE55A5F00AF631C /* MyFengXianSheng */,
				8E4DD5971DE55A6000AF631C /* MyFengXianShengTests */,
				8E4DD5A21DE55A6000AF631C /* MyFengXianShengUITests */,
				8E4DD5811DE55A5F00AF631C /* Products */,
			);
			sourceTree = "<group>";
		};
		8E4DD5811DE55A5F00AF631C /* Products */ = {
			isa = PBXGroup;
			children = (
				8E4DD5801DE55A5F00AF631C /* MyFengXianSheng.app */,
				8E4DD5941DE55A6000AF631C /* MyFengXianShengTests.xctest */,
				8E4DD59F1DE55A6000AF631C /* MyFengXianShengUITests.xctest */,
			);
			name = Products;
			sourceTree = "<group>";
		};
		8E4DD5821DE55A5F00AF631C /* MyFengXianSheng */ = {
			isa = PBXGroup;
			children = (
				8E4DD5BC1DE56F2300AF631C /* Classes */,
				8E4DD5831DE55A5F00AF631C /* AppDelegate.swift */,
				8E4DD5B71DE561B200AF631C /* AppDelegate+RootController.swift */,
				8E4DD5871DE55A5F00AF631C /* Main.storyboard */,
				8E4DD58A1DE55A5F00AF631C /* Assets.xcassets */,
				8E4DD58C1DE55A5F00AF631C /* LaunchScreen.storyboard */,
				8E4DD58F1DE55A5F00AF631C /* Info.plist */,
				8E4DD5BA1DE568BB00AF631C /* Images.xcassets */,
			);
			path = MyFengXianSheng;
			sourceTree = "<group>";
		};
		8E4DD5971DE55A6000AF631C /* MyFengXianShengTests */ = {
			isa = PBXGroup;
			children = (
				8E4DD5981DE55A6000AF631C /* MyFengXianShengTests.swift */,
				8E4DD59A1DE55A6000AF631C /* Info.plist */,
			);
			path = MyFengXianShengTests;
			sourceTree = "<group>";
		};
		8E4DD5A21DE55A6000AF631C /* MyFengXianShengUITests */ = {
			isa = PBXGroup;
			children = (
				8E4DD5A31DE55A6000AF631C /* MyFengXianShengUITests.swift */,
				8E4DD5A51DE55A6000AF631C /* Info.plist */,
			);
			path = MyFengXianShengUITests;
			sourceTree = "<group>";
		};
		8E4DD5BC1DE56F2300AF631C /* Classes */ = {
			isa = PBXGroup;
			children = (
				8E4DD5C11DE56F7C00AF631C /* Base */,
				8E4DD5BF1DE56F2300AF631C /* DispatchGoods */,
				8E4DD5BE1DE56F2300AF631C /* BillOfFreight */,
				8E4DD5C01DE56F2300AF631C /* Mail */,
				8E4DD5BD1DE56F2300AF631C /* Account */,
			);
			path = Classes;
			sourceTree = "<group>";
		};
		8E4DD5BD1DE56F2300AF631C /* Account */ = {
			isa = PBXGroup;
			children = (
				8E4DD5C41DE56FF700AF631C /* AccountViewController.swift */,
				8E4DD5C51DE56FF700AF631C /* AccountViewController.xib */,
			);
			path = Account;
			sourceTree = "<group>";
		};
		8E4DD5BE1DE56F2300AF631C /* BillOfFreight */ = {
			isa = PBXGroup;
			children = (
				8E4DD5C81DE5701800AF631C /* BillOfFrightViewController.swift */,
				8E4DD5C91DE5701800AF631C /* BillOfFrightViewController.xib */,
			);
			path = BillOfFreight;
			sourceTree = "<group>";
		};
		8E4DD5BF1DE56F2300AF631C /* DispatchGoods */ = {
			isa = PBXGroup;
			children = (
				8E4DD5CC1DE5703500AF631C /* DispatchGoodsViewController.swift */,
				8E4DD5DE1DE5DB3D00AF631C /* WLSendViewController.swift */,
				8E4DD5E41DE6833200AF631C /* WLBaiduMapViewController.swift */,
				8E4DD5D61DE58DE400AF631C /* WLDispatchAddressCell.swift */,
				8E4DD5D71DE58DE400AF631C /* WLDispatchAddressCell.xib */,
				8E4DD5DA1DE5C1CA00AF631C /* WLDispatchTypeCell.swift */,
				8E4DD5DB1DE5C1CA00AF631C /* WLDispatchTypeCell.xib */,
				8E4DD5E01DE5E26000AF631C /* WLSendFillOutInfoCell.swift */,
				8E4DD5E11DE5E26000AF631C /* WLSendFillOutInfoCell.xib */,
			);
			path = DispatchGoods;
			sourceTree = "<group>";
		};
		8E4DD5C01DE56F2300AF631C /* Mail */ = {
			isa = PBXGroup;
			children = (
				8E4DD5D01DE5704500AF631C /* MailViewController.swift */,
				8E4DD5D11DE5704500AF631C /* MailViewController.xib */,
			);
			path = Mail;
			sourceTree = "<group>";
		};
		8E4DD5C11DE56F7C00AF631C /* Base */ = {
			isa = PBXGroup;
			children = (
				8E4DD5C21DE56F9100AF631C /* BaseViewController.swift */,
				8E4DD5D41DE571BE00AF631C /* WLTabBarViewController.swift */,
			);
			path = Base;
			sourceTree = "<group>";
		};
/* End PBXGroup section */

/* Begin PBXNativeTarget section */
		8E4DD57F1DE55A5F00AF631C /* MyFengXianSheng */ = {
			isa = PBXNativeTarget;
			buildConfigurationList = 8E4DD5A81DE55A6000AF631C /* Build configuration list for PBXNativeTarget "MyFengXianSheng" */;
			buildPhases = (
				8E4DD57C1DE55A5F00AF631C /* Sources */,
				8E4DD57D1DE55A5F00AF631C /* Frameworks */,
				8E4DD57E1DE55A5F00AF631C /* Resources */,
			);
			buildRules = (
			);
			dependencies = (
			);
			name = MyFengXianSheng;
			productName = MyFengXianSheng;
			productReference = 8E4DD5801DE55A5F00AF631C /* MyFengXianSheng.app */;
			productType = "com.apple.product-type.application";
		};
		8E4DD5931DE55A6000AF631C /* MyFengXianShengTests */ = {
			isa = PBXNativeTarget;
			buildConfigurationList = 8E4DD5AB1DE55A6000AF631C /* Build configuration list for PBXNativeTarget "MyFengXianShengTests" */;
			buildPhases = (
				8E4DD5901DE55A6000AF631C /* Sources */,
				8E4DD5911DE55A6000AF631C /* Frameworks */,
				8E4DD5921DE55A6000AF631C /* Resources */,
			);
			buildRules = (
			);
			dependencies = (
				8E4DD5961DE55A6000AF631C /* PBXTargetDependency */,
			);
			name = MyFengXianShengTests;
			productName = MyFengXianShengTests;
			productReference = 8E4DD5941DE55A6000AF631C /* MyFengXianShengTests.xctest */;
			productType = "com.apple.product-type.bundle.unit-test";
		};
		8E4DD59E1DE55A6000AF631C /* MyFengXianShengUITests */ = {
			isa = PBXNativeTarget;
			buildConfigurationList = 8E4DD5AE1DE55A6000AF631C /* Build configuration list for PBXNativeTarget "MyFengXianShengUITests" */;
			buildPhases = (
				8E4DD59B1DE55A6000AF631C /* Sources */,
				8E4DD59C1DE55A6000AF631C /* Frameworks */,
				8E4DD59D1DE55A6000AF631C /* Resources */,
			);
			buildRules = (
			);
			dependencies = (
				8E4DD5A11DE55A6000AF631C /* PBXTargetDependency */,
			);
			name = MyFengXianShengUITests;
			productName = MyFengXianShengUITests;
			productReference = 8E4DD59F1DE55A6000AF631C /* MyFengXianShengUITests.xctest */;
			productType = "com.apple.product-type.bundle.ui-testing";
		};
/* End PBXNativeTarget section */

/* Begin PBXProject section */
		8E4DD5781DE55A5F00AF631C /* Project object */ = {
			isa = PBXProject;
			attributes = {
				CLASSPREFIX = WL;
				LastSwiftUpdateCheck = 0800;
				LastUpgradeCheck = 0800;
				ORGANIZATIONNAME = "mac pro";
				TargetAttributes = {
					8E4DD57F1DE55A5F00AF631C = {
						CreatedOnToolsVersion = 8.0;
						ProvisioningStyle = Automatic;
					};
					8E4DD5931DE55A6000AF631C = {
						CreatedOnToolsVersion = 8.0;
						ProvisioningStyle = Automatic;
						TestTargetID = 8E4DD57F1DE55A5F00AF631C;
					};
					8E4DD59E1DE55A6000AF631C = {
						CreatedOnToolsVersion = 8.0;
						ProvisioningStyle = Automatic;
						TestTargetID = 8E4DD57F1DE55A5F00AF631C;
					};
				};
			};
			buildConfigurationList = 8E4DD57B1DE55A5F00AF631C /* Build configuration list for PBXProject "MyFengXianSheng" */;
			compatibilityVersion = "Xcode 3.2";
			developmentRegion = English;
			hasScannedForEncodings = 0;
			knownRegions = (
				en,
				Base,
			);
			mainGroup = 8E4DD5771DE55A5F00AF631C;
			productRefGroup = 8E4DD5811DE55A5F00AF631C /* Products */;
			projectDirPath = "";
			projectRoot = "";
			targets = (
				8E4DD57F1DE55A5F00AF631C /* MyFengXianSheng */,
				8E4DD5931DE55A6000AF631C /* MyFengXianShengTests */,
				8E4DD59E1DE55A6000AF631C /* MyFengXianShengUITests */,
			);
		};
/* End PBXProject section */

/* Begin PBXResourcesBuildPhase section */
		8E4DD57E1DE55A5F00AF631C /* Resources */ = {
			isa = PBXResourcesBuildPhase;
			buildActionMask = 2147483647;
			files = (
				8E4DD5E31DE5E26000AF631C /* WLSendFillOutInfoCell.xib in Resources */,
				8E4DD5CB1DE5701800AF631C /* BillOfFrightViewController.xib in Resources */,
				8E4DD5D31DE5704500AF631C /* MailViewController.xib in Resources */,
				8E4DD58E1DE55A5F00AF631C /* LaunchScreen.storyboard in Resources */,
				8E4DD5D91DE58DE400AF631C /* WLDispatchAddressCell.xib in Resources */,
				8E4DD5DD1DE5C1CA00AF631C /* WLDispatchTypeCell.xib in Resources */,
				8E4DD5BB1DE568BB00AF631C /* Images.xcassets in Resources */,
				8E4DD58B1DE55A5F00AF631C /* Assets.xcassets in Resources */,
				8E4DD5891DE55A5F00AF631C /* Main.storyboard in Resources */,
				8E4DD5C71DE56FF700AF631C /* AccountViewController.xib in Resources */,
			);
			runOnlyForDeploymentPostprocessing = 0;
		};
		8E4DD5921DE55A6000AF631C /* Resources */ = {
			isa = PBXResourcesBuildPhase;
			buildActionMask = 2147483647;
			files = (
			);
			runOnlyForDeploymentPostprocessing = 0;
		};
		8E4DD59D1DE55A6000AF631C /* Resources */ = {
			isa = PBXResourcesBuildPhase;
			buildActionMask = 2147483647;
			files = (
			);
			runOnlyForDeploymentPostprocessing = 0;
		};
/* End PBXResourcesBuildPhase section */

/* Begin PBXSourcesBuildPhase section */
		8E4DD57C1DE55A5F00AF631C /* Sources */ = {
			isa = PBXSourcesBuildPhase;
			buildActionMask = 2147483647;
			files = (
				8E4DD5DC1DE5C1CA00AF631C /* WLDispatchTypeCell.swift in Sources */,
				8E4DD5B81DE561B300AF631C /* AppDelegate+RootController.swift in Sources */,
				8E4DD5D21DE5704500AF631C /* MailViewController.swift in Sources */,
				8E4DD5E51DE6833200AF631C /* WLBaiduMapViewController.swift in Sources */,
				8E4DD5841DE55A5F00AF631C /* AppDelegate.swift in Sources */,
				8E4DD5D81DE58DE400AF631C /* WLDispatchAddressCell.swift in Sources */,
				8E4DD5C61DE56FF700AF631C /* AccountViewController.swift in Sources */,
				8E4DD5CE1DE5703500AF631C /* DispatchGoodsViewController.swift in Sources */,
				8E4DD5DF1DE5DB3D00AF631C /* WLSendViewController.swift in Sources */,
				8E4DD5D51DE571BE00AF631C /* WLTabBarViewController.swift in Sources */,
				8E4DD5C31DE56F9100AF631C /* BaseViewController.swift in Sources */,
				8E4DD5E21DE5E26000AF631C /* WLSendFillOutInfoCell.swift in Sources */,
				8E4DD5CA1DE5701800AF631C /* BillOfFrightViewController.swift in Sources */,
			);
			runOnlyForDeploymentPostprocessing = 0;
		};
		8E4DD5901DE55A6000AF631C /* Sources */ = {
			isa = PBXSourcesBuildPhase;
			buildActionMask = 2147483647;
			files = (
				8E4DD5991DE55A6000AF631C /* MyFengXianShengTests.swift in Sources */,
			);
			runOnlyForDeploymentPostprocessing = 0;
		};
		8E4DD59B1DE55A6000AF631C /* Sources */ = {
			isa = PBXSourcesBuildPhase;
			buildActionMask = 2147483647;
			files = (
				8E4DD5A41DE55A6000AF631C /* MyFengXianShengUITests.swift in Sources */,
			);
			runOnlyForDeploymentPostprocessing = 0;
		};
/* End PBXSourcesBuildPhase section */

/* Begin PBXTargetDependency section */
		8E4DD5961DE55A6000AF631C /* PBXTargetDependency */ = {
			isa = PBXTargetDependency;
			target = 8E4DD57F1DE55A5F00AF631C /* MyFengXianSheng */;
			targetProxy = 8E4DD5951DE55A6000AF631C /* PBXContainerItemProxy */;
		};
		8E4DD5A11DE55A6000AF631C /* PBXTargetDependency */ = {
			isa = PBXTargetDependency;
			target = 8E4DD57F1DE55A5F00AF631C /* MyFengXianSheng */;
			targetProxy = 8E4DD5A01DE55A6000AF631C /* PBXContainerItemProxy */;
		};
/* End PBXTargetDependency section */

/* Begin PBXVariantGroup section */
		8E4DD5871DE55A5F00AF631C /* Main.storyboard */ = {
			isa = PBXVariantGroup;
			children = (
				8E4DD5881DE55A5F00AF631C /* Base */,
			);
			name = Main.storyboard;
			sourceTree = "<group>";
		};
		8E4DD58C1DE55A5F00AF631C /* LaunchScreen.storyboard */ = {
			isa = PBXVariantGroup;
			children = (
				8E4DD58D1DE55A5F00AF631C /* Base */,
			);
			name = LaunchScreen.storyboard;
			sourceTree = "<group>";
		};
/* End PBXVariantGroup section */

/* Begin XCBuildConfiguration section */
		8E4DD5A61DE55A6000AF631C /* Debug */ = {
			isa = XCBuildConfiguration;
			buildSettings = {
				ALWAYS_SEARCH_USER_PATHS = NO;
				CLANG_ANALYZER_NONNULL = YES;
				CLANG_CXX_LANGUAGE_STANDARD = "gnu++0x";
				CLANG_CXX_LIBRARY = "libc++";
				CLANG_ENABLE_MODULES = YES;
				CLANG_ENABLE_OBJC_ARC = YES;
				CLANG_WARN_BOOL_CONVERSION = YES;
				CLANG_WARN_CONSTANT_CONVERSION = YES;
				CLANG_WARN_DIRECT_OBJC_ISA_USAGE = YES_ERROR;
				CLANG_WARN_DOCUMENTATION_COMMENTS = YES;
				CLANG_WARN_EMPTY_BODY = YES;
				CLANG_WARN_ENUM_CONVERSION = YES;
				CLANG_WARN_INFINITE_RECURSION = YES;
				CLANG_WARN_INT_CONVERSION = YES;
				CLANG_WARN_OBJC_ROOT_CLASS = YES_ERROR;
				CLANG_WARN_SUSPICIOUS_MOVES = YES;
				CLANG_WARN_UNREACHABLE_CODE = YES;
				CLANG_WARN__DUPLICATE_METHOD_MATCH = YES;
				"CODE_SIGN_IDENTITY[sdk=iphoneos*]" = "iPhone Developer";
				COPY_PHASE_STRIP = NO;
				DEBUG_INFORMATION_FORMAT = dwarf;
				ENABLE_STRICT_OBJC_MSGSEND = YES;
				ENABLE_TESTABILITY = YES;
				GCC_C_LANGUAGE_STANDARD = gnu99;
				GCC_DYNAMIC_NO_PIC = NO;
				GCC_NO_COMMON_BLOCKS = YES;
				GCC_OPTIMIZATION_LEVEL = 0;
				GCC_PREPROCESSOR_DEFINITIONS = (
					"DEBUG=1",
					"$(inherited)",
				);
				GCC_WARN_64_TO_32_BIT_CONVERSION = YES;
				GCC_WARN_ABOUT_RETURN_TYPE = YES_ERROR;
				GCC_WARN_UNDECLARED_SELECTOR = YES;
				GCC_WARN_UNINITIALIZED_AUTOS = YES_AGGRESSIVE;
				GCC_WARN_UNUSED_FUNCTION = YES;
				GCC_WARN_UNUSED_VARIABLE = YES;
				IPHONEOS_DEPLOYMENT_TARGET = 10.0;
				MTL_ENABLE_DEBUG_INFO = YES;
				ONLY_ACTIVE_ARCH = YES;
				SDKROOT = iphoneos;
				SWIFT_ACTIVE_COMPILATION_CONDITIONS = DEBUG;
				SWIFT_OPTIMIZATION_LEVEL = "-Onone";
				TARGETED_DEVICE_FAMILY = "1,2";
			};
			name = Debug;
		};
		8E4DD5A71DE55A6000AF631C /* Release */ = {
			isa = XCBuildConfiguration;
			buildSettings = {
				ALWAYS_SEARCH_USER_PATHS = NO;
				CLANG_ANALYZER_NONNULL = YES;
				CLANG_CXX_LANGUAGE_STANDARD = "gnu++0x";
				CLANG_CXX_LIBRARY = "libc++";
				CLANG_ENABLE_MODULES = YES;
				CLANG_ENABLE_OBJC_ARC = YES;
				CLANG_WARN_BOOL_CONVERSION = YES;
				CLANG_WARN_CONSTANT_CONVERSION = YES;
				CLANG_WARN_DIRECT_OBJC_ISA_USAGE = YES_ERROR;
				CLANG_WARN_DOCUMENTATION_COMMENTS = YES;
				CLANG_WARN_EMPTY_BODY = YES;
				CLANG_WARN_ENUM_CONVERSION = YES;
				CLANG_WARN_INFINITE_RECURSION = YES;
				CLANG_WARN_INT_CONVERSION = YES;
				CLANG_WARN_OBJC_ROOT_CLASS = YES_ERROR;
				CLANG_WARN_SUSPICIOUS_MOVES = YES;
				CLANG_WARN_UNREACHABLE_CODE = YES;
				CLANG_WARN__DUPLICATE_METHOD_MATCH = YES;
				"CODE_SIGN_IDENTITY[sdk=iphoneos*]" = "iPhone Developer";
				COPY_PHASE_STRIP = NO;
				DEBUG_INFORMATION_FORMAT = "dwarf-with-dsym";
				ENABLE_NS_ASSERTIONS = NO;
				ENABLE_STRICT_OBJC_MSGSEND = YES;
				GCC_C_LANGUAGE_STANDARD = gnu99;
				GCC_NO_COMMON_BLOCKS = YES;
				GCC_WARN_64_TO_32_BIT_CONVERSION = YES;
				GCC_WARN_ABOUT_RETURN_TYPE = YES_ERROR;
				GCC_WARN_UNDECLARED_SELECTOR = YES;
				GCC_WARN_UNINITIALIZED_AUTOS = YES_AGGRESSIVE;
				GCC_WARN_UNUSED_FUNCTION = YES;
				GCC_WARN_UNUSED_VARIABLE = YES;
				IPHONEOS_DEPLOYMENT_TARGET = 10.0;
				MTL_ENABLE_DEBUG_INFO = NO;
				SDKROOT = iphoneos;
				SWIFT_OPTIMIZATION_LEVEL = "-Owholemodule";
				TARGETED_DEVICE_FAMILY = "1,2";
				VALIDATE_PRODUCT = YES;
			};
			name = Release;
		};
		8E4DD5A91DE55A6000AF631C /* Debug */ = {
			isa = XCBuildConfiguration;
			buildSettings = {
				ASSETCATALOG_COMPILER_APPICON_NAME = AppIcon;
				INFOPLIST_FILE = MyFengXianSheng/Info.plist;
				LD_RUNPATH_SEARCH_PATHS = "$(inherited) @executable_path/Frameworks";
				"OTHER_SWIFT_FLAGS[arch=*]" = "-D DEBUG";
				PRODUCT_BUNDLE_IDENTIFIER = com.wanglei.wamglei.MyFengXianSheng;
				PRODUCT_NAME = "$(TARGET_NAME)";
				SWIFT_VERSION = 3.0;
				TARGETED_DEVICE_FAMILY = 1;
			};
			name = Debug;
		};
		8E4DD5AA1DE55A6000AF631C /* Release */ = {
			isa = XCBuildConfiguration;
			buildSettings = {
				ASSETCATALOG_COMPILER_APPICON_NAME = AppIcon;
				INFOPLIST_FILE = MyFengXianSheng/Info.plist;
				LD_RUNPATH_SEARCH_PATHS = "$(inherited) @executable_path/Frameworks";
				PRODUCT_BUNDLE_IDENTIFIER = com.wanglei.wamglei.MyFengXianSheng;
				PRODUCT_NAME = "$(TARGET_NAME)";
				SWIFT_VERSION = 3.0;
				TARGETED_DEVICE_FAMILY = 1;
			};
			name = Release;
		};
		8E4DD5AC1DE55A6000AF631C /* Debug */ = {
			isa = XCBuildConfiguration;
			buildSettings = {
				ALWAYS_EMBED_SWIFT_STANDARD_LIBRARIES = YES;
				BUNDLE_LOADER = "$(TEST_HOST)";
				INFOPLIST_FILE = MyFengXianShengTests/Info.plist;
				LD_RUNPATH_SEARCH_PATHS = "$(inherited) @executable_path/Frameworks @loader_path/Frameworks";
				PRODUCT_BUNDLE_IDENTIFIER = com.wanglei.wamglei.MyFengXianShengTests;
				PRODUCT_NAME = "$(TARGET_NAME)";
				SWIFT_VERSION = 3.0;
				TEST_HOST = "$(BUILT_PRODUCTS_DIR)/MyFengXianSheng.app/MyFengXianSheng";
			};
			name = Debug;
		};
		8E4DD5AD1DE55A6000AF631C /* Release */ = {
			isa = XCBuildConfiguration;
			buildSettings = {
				ALWAYS_EMBED_SWIFT_STANDARD_LIBRARIES = YES;
				BUNDLE_LOADER = "$(TEST_HOST)";
				INFOPLIST_FILE = MyFengXianShengTests/Info.plist;
				LD_RUNPATH_SEARCH_PATHS = "$(inherited) @executable_path/Frameworks @loader_path/Frameworks";
				PRODUCT_BUNDLE_IDENTIFIER = com.wanglei.wamglei.MyFengXianShengTests;
				PRODUCT_NAME = "$(TARGET_NAME)";
				SWIFT_VERSION = 3.0;
				TEST_HOST = "$(BUILT_PRODUCTS_DIR)/MyFengXianSheng.app/MyFengXianSheng";
			};
			name = Release;
		};
		8E4DD5AF1DE55A6000AF631C /* Debug */ = {
			isa = XCBuildConfiguration;
			buildSettings = {
				ALWAYS_EMBED_SWIFT_STANDARD_LIBRARIES = YES;
				INFOPLIST_FILE = MyFengXianShengUITests/Info.plist;
				LD_RUNPATH_SEARCH_PATHS = "$(inherited) @executable_path/Frameworks @loader_path/Frameworks";
				PRODUCT_BUNDLE_IDENTIFIER = com.wanglei.wamglei.MyFengXianShengUITests;
				PRODUCT_NAME = "$(TARGET_NAME)";
				SWIFT_VERSION = 3.0;
				TEST_TARGET_NAME = MyFengXianSheng;
			};
			name = Debug;
		};
		8E4DD5B01DE55A6000AF631C /* Release */ = {
			isa = XCBuildConfiguration;
			buildSettings = {
				ALWAYS_EMBED_SWIFT_STANDARD_LIBRARIES = YES;
				INFOPLIST_FILE = MyFengXianShengUITests/Info.plist;
				LD_RUNPATH_SEARCH_PATHS = "$(inherited) @executable_path/Frameworks @loader_path/Frameworks";
				PRODUCT_BUNDLE_IDENTIFIER = com.wanglei.wamglei.MyFengXianShengUITests;
				PRODUCT_NAME = "$(TARGET_NAME)";
				SWIFT_VERSION = 3.0;
				TEST_TARGET_NAME = MyFengXianSheng;
			};
			name = Release;
		};
/* End XCBuildConfiguration section */

/* Begin XCConfigurationList section */
		8E4DD57B1DE55A5F00AF631C /* Build configuration list for PBXProject "MyFengXianSheng" */ = {
			isa = XCConfigurationList;
			buildConfigurations = (
				8E4DD5A61DE55A6000AF631C /* Debug */,
				8E4DD5A71DE55A6000AF631C /* Release */,
			);
			defaultConfigurationIsVisible = 0;
			defaultConfigurationName = Release;
		};
		8E4DD5A81DE55A6000AF631C /* Build configuration list for PBXNativeTarget "MyFengXianSheng" */ = {
			isa = XCConfigurationList;
			buildConfigurations = (
				8E4DD5A91DE55A6000AF631C /* Debug */,
				8E4DD5AA1DE55A6000AF631C /* Release */,
			);
			defaultConfigurationIsVisible = 0;
		};
		8E4DD5AB1DE55A6000AF631C /* Build configuration list for PBXNativeTarget "MyFengXianShengTests" */ = {
			isa = XCConfigurationList;
			buildConfigurations = (
				8E4DD5AC1DE55A6000AF631C /* Debug */,
				8E4DD5AD1DE55A6000AF631C /* Release */,
			);
			defaultConfigurationIsVisible = 0;
		};
		8E4DD5AE1DE55A6000AF631C /* Build configuration list for PBXNativeTarget "MyFengXianShengUITests" */ = {
			isa = XCConfigurationList;
			buildConfigurations = (
				8E4DD5AF1DE55A6000AF631C /* Debug */,
				8E4DD5B01DE55A6000AF631C /* Release */,
			);
			defaultConfigurationIsVisible = 0;
		};
/* End XCConfigurationList section */
	};
	rootObject = 8E4DD5781DE55A5F00AF631C /* Project object */;
}
